
Microsoft Visual Studio Solution File, Format Version 12.00
Project("{FAE04EC0-301F-11D3-BF4B-00C04F79EFBC}") = "VMUnprotect", "VMUnprotect\VMUnprotect.csproj", "{E9574635-2D3C-4B70-9A2F-4CBB56A1ED07}"
EndProject
Project("{FAE04EC0-301F-11D3-BF4B-00C04F79EFBC}") = "VMUnprotect.Core", "VMUnprotect.Core\VMUnprotect.Core.csproj", "{D14F4F37-E20C-45B8-933B-8CC21CF1FE9B}"
EndProject
Project("{FAE04EC0-301F-11D3-BF4B-00C04F79EFBC}") = "VMUnprotect.Runtime", "VMUnprotect.Runtime\VMUnprotect.Runtime.csproj", "{A4C4D84D-FCD4-428D-8CC4-DC11A6CC79B2}"
EndProject
Global
	GlobalSection(SolutionConfigurationPlatforms) = preSolution
		Debug|Any CPU = Debug|Any CPU
		Release|Any CPU = Release|Any CPU
	EndGlobalSection
	GlobalSection(ProjectConfigurationPlatforms) = postSolution
		{E9574635-2D3C-4B70-9A2F-4CBB56A1ED07}.Debug|Any CPU.ActiveCfg = Debug|Any CPU
		{E9574635-2D3C-4B70-9A2F-4CBB56A1ED07}.Debug|Any CPU.Build.0 = Debug|Any CPU
		{E9574635-2D3C-4B70-9A2F-4CBB56A1ED07}.Release|Any CPU.ActiveCfg = Release|Any CPU
		{E9574635-2D3C-4B70-9A2F-4CBB56A1ED07}.Release|Any CPU.Build.0 = Release|Any CPU
		{D14F4F37-E20C-45B8-933B-8CC21CF1FE9B}.Debug|Any CPU.ActiveCfg = Debug|Any CPU
		{D14F4F37-E20C-45B8-933B-8CC21CF1FE9B}.Debug|Any CPU.Build.0 = Debug|Any CPU
		{D14F4F37-E20C-45B8-933B-8CC21CF1FE9B}.Release|Any CPU.ActiveCfg = Release|Any CPU
		{D14F4F37-E20C-45B8-933B-8CC21CF1FE9B}.Release|Any CPU.Build.0 = Release|Any CPU
		{A4C4D84D-FCD4-428D-8CC4-DC11A6CC79B2}.Debug|Any CPU.ActiveCfg = Debug|Any CPU
		{A4C4D84D-FCD4-428D-8CC4-DC11A6CC79B2}.Debug|Any CPU.Build.0 = Debug|Any CPU
		{A4C4D84D-FCD4-428D-8CC4-DC11A6CC79B2}.Release|Any CPU.ActiveCfg = Release|Any CPU
		{A4C4D84D-FCD4-428D-8CC4-DC11A6CC79B2}.Release|Any CPU.Build.0 = Release|Any CPU
	EndGlobalSection
EndGlobal
