
Microsoft Visual Studio Solution File, Format Version 12.00
Project("{FAE04EC0-301F-11D3-BF4B-00C04F79EFBC}") = "VMUnprotect", "VMUnprotect\VMUnprotect.csproj", "{42C88429-9A67-4087-91BD-7D76383BC86D}"
EndProject
Global
	GlobalSection(SolutionConfigurationPlatforms) = preSolution
		Debug|Any CPU = Debug|Any CPU
		Release|Any CPU = Release|Any CPU
	EndGlobalSection
	GlobalSection(ProjectConfigurationPlatforms) = postSolution
		{42C88429-9A67-4087-91BD-7D76383BC86D}.Debug|Any CPU.ActiveCfg = Debug|Any CPU
		{42C88429-9A67-4087-91BD-7D76383BC86D}.Debug|Any CPU.Build.0 = Debug|Any CPU
		{42C88429-9A67-4087-91BD-7D76383BC86D}.Release|Any CPU.ActiveCfg = Release|Any CPU
		{42C88429-9A67-4087-91BD-7D76383BC86D}.Release|Any CPU.Build.0 = Release|Any CPU
	EndGlobalSection
EndGlobal
